
Microsoft Visual Studio Solution File, Format Version 12.00
# Visual Studio Version 17
VisualStudioVersion = 17.3.32929.385
MinimumVisualStudioVersion = 10.0.40219.1
Project("{FAE04EC0-301F-11D3-BF4B-00C04F79EFBC}") = "BaseIdentityUpSchoolPresentationLayer", "BaseIdentityUpSchoolPresentationLayer\BaseIdentityUpSchoolPresentationLayer.csproj", "{6296E399-FA72-46BE-AED4-AF3EA3236DF0}"
EndProject
Project("{FAE04EC0-301F-11D3-BF4B-00C04F79EFBC}") = "BaseIdentityUpSchoolEntityLayer", "BaseIdentityUpSchoolEntityLayer\BaseIdentityUpSchoolEntityLayer.csproj", "{0A02C5E3-73EC-48EE-B8CB-192A625E9824}"
EndProject
Project("{FAE04EC0-301F-11D3-BF4B-00C04F79EFBC}") = "BaseIdentityUpSchoolDataAccessLayer", "BaseIdentityUpSchoolDataAccessLayer\BaseIdentityUpSchoolDataAccessLayer.csproj", "{137760A9-594A-4926-BD27-1A92AE5216B6}"
EndProject
Project("{FAE04EC0-301F-11D3-BF4B-00C04F79EFBC}") = "BaseIdentityUpSchoolBussinessLayer", "BaseIdentityUpSchoolBussinessLayer\BaseIdentityUpSchoolBussinessLayer.csproj", "{B50E1D56-4733-42F3-A056-060A0990D9F9}"
EndProject
Global
	GlobalSection(SolutionConfigurationPlatforms) = preSolution
		Debug|Any CPU = Debug|Any CPU
		Release|Any CPU = Release|Any CPU
	EndGlobalSection
	GlobalSection(ProjectConfigurationPlatforms) = postSolution
		{6296E399-FA72-46BE-AED4-AF3EA3236DF0}.Debug|Any CPU.ActiveCfg = Debug|Any CPU
		{6296E399-FA72-46BE-AED4-AF3EA3236DF0}.Debug|Any CPU.Build.0 = Debug|Any CPU
		{6296E399-FA72-46BE-AED4-AF3EA3236DF0}.Release|Any CPU.ActiveCfg = Release|Any CPU
		{6296E399-FA72-46BE-AED4-AF3EA3236DF0}.Release|Any CPU.Build.0 = Release|Any CPU
		{0A02C5E3-73EC-48EE-B8CB-192A625E9824}.Debug|Any CPU.ActiveCfg = Debug|Any CPU
		{0A02C5E3-73EC-48EE-B8CB-192A625E9824}.Debug|Any CPU.Build.0 = Debug|Any CPU
		{0A02C5E3-73EC-48EE-B8CB-192A625E9824}.Release|Any CPU.ActiveCfg = Release|Any CPU
		{0A02C5E3-73EC-48EE-B8CB-192A625E9824}.Release|Any CPU.Build.0 = Release|Any CPU
		{137760A9-594A-4926-BD27-1A92AE5216B6}.Debug|Any CPU.ActiveCfg = Debug|Any CPU
		{137760A9-594A-4926-BD27-1A92AE5216B6}.Debug|Any CPU.Build.0 = Debug|Any CPU
		{137760A9-594A-4926-BD27-1A92AE5216B6}.Release|Any CPU.ActiveCfg = Release|Any CPU
		{137760A9-594A-4926-BD27-1A92AE5216B6}.Release|Any CPU.Build.0 = Release|Any CPU
		{B50E1D56-4733-42F3-A056-060A0990D9F9}.Debug|Any CPU.ActiveCfg = Debug|Any CPU
		{B50E1D56-4733-42F3-A056-060A0990D9F9}.Debug|Any CPU.Build.0 = Debug|Any CPU
		{B50E1D56-4733-42F3-A056-060A0990D9F9}.Release|Any CPU.ActiveCfg = Release|Any CPU
		{B50E1D56-4733-42F3-A056-060A0990D9F9}.Release|Any CPU.Build.0 = Release|Any CPU
	EndGlobalSection
	GlobalSection(SolutionProperties) = preSolution
		HideSolutionNode = FALSE
	EndGlobalSection
	GlobalSection(ExtensibilityGlobals) = postSolution
		SolutionGuid = {C4FC9CA7-B84C-47D1-B019-1A17536D6880}
	EndGlobalSection
EndGlobal
